
Microsoft Visual Studio Solution File, Format Version 11.00
# Visual Studio 2010
Project("{FAE04EC0-301F-11D3-BF4B-00C04F79EFBC}") = "ImageWriter", "ImageWriter\ImageWriter.csproj", "{C0D5F4B2-DFB9-4A71-9A3C-8EF8805150A3}"
EndProject
Global
	GlobalSection(SolutionConfigurationPlatforms) = preSolution
		Debug|Any CPU = Debug|Any CPU
		Release|Any CPU = Release|Any CPU
	EndGlobalSection
	GlobalSection(ProjectConfigurationPlatforms) = postSolution
		{C0D5F4B2-DFB9-4A71-9A3C-8EF8805150A3}.Debug|Any CPU.ActiveCfg = Debug|Any CPU
		{C0D5F4B2-DFB9-4A71-9A3C-8EF8805150A3}.Debug|Any CPU.Build.0 = Debug|Any CPU
		{C0D5F4B2-DFB9-4A71-9A3C-8EF8805150A3}.Release|Any CPU.ActiveCfg = Release|Any CPU
		{C0D5F4B2-DFB9-4A71-9A3C-8EF8805150A3}.Release|Any CPU.Build.0 = Release|Any CPU
	EndGlobalSection
	GlobalSection(SolutionProperties) = preSolution
		HideSolutionNode = FALSE
	EndGlobalSection
EndGlobal
